PODS:
  - FBSnapshotTestCase (2.1.4):
    - FBSnapshotTestCase/SwiftSupport (= 2.1.4)
  - FBSnapshotTestCase/Core (2.1.4)
  - FBSnapshotTestCase/SwiftSupport (2.1.4):
    - FBSnapshotTestCase/Core
  - JAPagerViewController (0.0.1)

DEPENDENCIES:
  - FBSnapshotTestCase (~> 2.1.4)
  - JAPagerViewController (from `../`)

SPEC REPOS:
  https://github.com/cocoapods/specs.git:
    - FBSnapshotTestCase

EXTERNAL SOURCES:
  JAPagerViewController:
    :path: "../"

SPEC CHECKSUMS:
  FBSnapshotTestCase: 094f9f314decbabe373b87cc339bea235a63e07a
  JAPagerViewController: 1f86f83f560218e167f1e0a5a761ad03c6fec605

PODFILE CHECKSUM: b04fa41071c5e9b17646de1f78595670e43aaade

COCOAPODS: 1.5.3
