PODS:
  - JAPagerViewController (0.0.2)

DEPENDENCIES:
  - JAPagerViewController (from `../`)

EXTERNAL SOURCES:
  JAPagerViewController:
    :path: "../"

SPEC CHECKSUMS:
  JAPagerViewController: b91f9e4d510d4b772dea2ac379100e0e605342ef

PODFILE CHECKSUM: 7e7092e43e903e08238be37805b367b9900e70ef

COCOAPODS: 1.5.3
